// !$*UTF8*$!
{
	archiveVersion = 1;
	classes = {
	};
	objectVersion = 77;
	objects = {

/* Begin PBXBuildFile section */
		3725619CA0D1350AABFC11FC /* Pods_EverlinkIntergrationTest.framework in Frameworks */ = {isa = PBXBuildFile; fileRef = EF502AFE1246E64A1913D0D5 /* Pods_EverlinkIntergrationTest.framework */; };
		627E39FBF1815679C268DCFC /* Pods_EverlinkIntergrationTestTests.framework in Frameworks */ = {isa = PBXBuildFile; fileRef = FDBE5BD942A942D947CFC2A7 /* Pods_EverlinkIntergrationTestTests.framework */; };
		65A5DE5AE1EF3AAE8BF04615 /* Pods_EverlinkIntergrationTest_EverlinkIntergrationTestUITests.framework in Frameworks */ = {isa = PBXBuildFile; fileRef = DA87CFF6B3FF9270DA268191 /* Pods_EverlinkIntergrationTest_EverlinkIntergrationTestUITests.framework */; };
/* End PBXBuildFile section */

/* Begin PBXContainerItemProxy section */
		9F5C35A42CF01CFD007C2961 /* PBXContainerItemProxy */ = {
			isa = PBXContainerItemProxy;
			containerPortal = 9F5C35822CF01CFC007C2961 /* Project object */;
			proxyType = 1;
			remoteGlobalIDString = 9F5C35892CF01CFC007C2961;
			remoteInfo = EverlinkIntergrationTest;
		};
		9F5C35AE2CF01CFD007C2961 /* PBXContainerItemProxy */ = {
			isa = PBXContainerItemProxy;
			containerPortal = 9F5C35822CF01CFC007C2961 /* Project object */;
			proxyType = 1;
			remoteGlobalIDString = 9F5C35892CF01CFC007C2961;
			remoteInfo = EverlinkIntergrationTest;
		};
/* End PBXContainerItemProxy section */

/* Begin PBXFileReference section */
		43677717BAC6A7F002186C19 /* Pods-EverlinkIntergrationTest-EverlinkIntergrationTestUITests.debug.xcconfig */ = {isa = PBXFileReference; includeInIndex = 1; lastKnownFileType = text.xcconfig; name = "Pods-EverlinkIntergrationTest-EverlinkIntergrationTestUITests.debug.xcconfig"; path = "Target Support Files/Pods-EverlinkIntergrationTest-EverlinkIntergrationTestUITests/Pods-EverlinkIntergrationTest-EverlinkIntergrationTestUITests.debug.xcconfig"; sourceTree = "<group>"; };
		49B67DBABB7CAC23A698DC64 /* Pods-EverlinkIntergrationTest.debug.xcconfig */ = {isa = PBXFileReference; includeInIndex = 1; lastKnownFileType = text.xcconfig; name = "Pods-EverlinkIntergrationTest.debug.xcconfig"; path = "Target Support Files/Pods-EverlinkIntergrationTest/Pods-EverlinkIntergrationTest.debug.xcconfig"; sourceTree = "<group>"; };
		6053C7692D613135BABCFBC8 /* Pods-EverlinkIntergrationTestTests.debug.xcconfig */ = {isa = PBXFileReference; includeInIndex = 1; lastKnownFileType = text.xcconfig; name = "Pods-EverlinkIntergrationTestTests.debug.xcconfig"; path = "Target Support Files/Pods-EverlinkIntergrationTestTests/Pods-EverlinkIntergrationTestTests.debug.xcconfig"; sourceTree = "<group>"; };
		9F5C358A2CF01CFC007C2961 /* EverlinkIntergrationTest.app */ = {isa = PBXFileReference; explicitFileType = wrapper.application; includeInIndex = 0; path = EverlinkIntergrationTest.app; sourceTree = BUILT_PRODUCTS_DIR; };
		9F5C35A32CF01CFD007C2961 /* EverlinkIntergrationTestTests.xctest */ = {isa = PBXFileReference; explicitFileType = wrapper.cfbundle; includeInIndex = 0; path = EverlinkIntergrationTestTests.xctest; sourceTree = BUILT_PRODUCTS_DIR; };
		9F5C35AD2CF01CFD007C2961 /* EverlinkIntergrationTestUITests.xctest */ = {isa = PBXFileReference; explicitFileType = wrapper.cfbundle; includeInIndex = 0; path = EverlinkIntergrationTestUITests.xctest; sourceTree = BUILT_PRODUCTS_DIR; };
		AE41F8A25706FF5E229ADB6E /* Pods-EverlinkIntergrationTestTests.release.xcconfig */ = {isa = PBXFileReference; includeInIndex = 1; lastKnownFileType = text.xcconfig; name = "Pods-EverlinkIntergrationTestTests.release.xcconfig"; path = "Target Support Files/Pods-EverlinkIntergrationTestTests/Pods-EverlinkIntergrationTestTests.release.xcconfig"; sourceTree = "<group>"; };
		B410B042ABA60676A5E021F7 /* Pods-EverlinkIntergrationTest-EverlinkIntergrationTestUITests.release.xcconfig */ = {isa = PBXFileReference; includeInIndex = 1; lastKnownFileType = text.xcconfig; name = "Pods-EverlinkIntergrationTest-EverlinkIntergrationTestUITests.release.xcconfig"; path = "Target Support Files/Pods-EverlinkIntergrationTest-EverlinkIntergrationTestUITests/Pods-EverlinkIntergrationTest-EverlinkIntergrationTestUITests.release.xcconfig"; sourceTree = "<group>"; };
		D399F6FA0F9DC90E7D1BF6F8 /* Pods-EverlinkIntergrationTest.release.xcconfig */ = {isa = PBXFileReference; includeInIndex = 1; lastKnownFileType = text.xcconfig; name = "Pods-EverlinkIntergrationTest.release.xcconfig"; path = "Target Support Files/Pods-EverlinkIntergrationTest/Pods-EverlinkIntergrationTest.release.xcconfig"; sourceTree = "<group>"; };
		DA87CFF6B3FF9270DA268191 /* Pods_EverlinkIntergrationTest_EverlinkIntergrationTestUITests.framework */ = {isa = PBXFileReference; explicitFileType = wrapper.framework; includeInIndex = 0; path = Pods_EverlinkIntergrationTest_EverlinkIntergrationTestUITests.framework; sourceTree = BUILT_PRODUCTS_DIR; };
		EF502AFE1246E64A1913D0D5 /* Pods_EverlinkIntergrationTest.framework */ = {isa = PBXFileReference; explicitFileType = wrapper.framework; includeInIndex = 0; path = Pods_EverlinkIntergrationTest.framework; sourceTree = BUILT_PRODUCTS_DIR; };
		FDBE5BD942A942D947CFC2A7 /* Pods_EverlinkIntergrationTestTests.framework */ = {isa = PBXFileReference; explicitFileType = wrapper.framework; includeInIndex = 0; path = Pods_EverlinkIntergrationTestTests.framework; sourceTree = BUILT_PRODUCTS_DIR; };
/* End PBXFileReference section */

/* Begin PBXFileSystemSynchronizedBuildFileExceptionSet section */
		9F5C35B52CF01CFD007C2961 /* Exceptions for "EverlinkIntergrationTest" folder in "EverlinkIntergrationTest" target */ = {
			isa = PBXFileSystemSynchronizedBuildFileExceptionSet;
			membershipExceptions = (
				Info.plist,
			);
			target = 9F5C35892CF01CFC007C2961 /* EverlinkIntergrationTest */;
		};
/* End PBXFileSystemSynchronizedBuildFileExceptionSet section */

/* Begin PBXFileSystemSynchronizedRootGroup section */
		9F5C358C2CF01CFC007C2961 /* EverlinkIntergrationTest */ = {
			isa = PBXFileSystemSynchronizedRootGroup;
			exceptions = (
				9F5C35B52CF01CFD007C2961 /* Exceptions for "EverlinkIntergrationTest" folder in "EverlinkIntergrationTest" target */,
			);
			path = EverlinkIntergrationTest;
			sourceTree = "<group>";
		};
		9F5C35A62CF01CFD007C2961 /* EverlinkIntergrationTestTests */ = {
			isa = PBXFileSystemSynchronizedRootGroup;
			exceptions = (
			);
			path = EverlinkIntergrationTestTests;
			sourceTree = "<group>";
		};
		9F5C35B02CF01CFD007C2961 /* EverlinkIntergrationTestUITests */ = {
			isa = PBXFileSystemSynchronizedRootGroup;
			exceptions = (
			);
			path = EverlinkIntergrationTestUITests;
			sourceTree = "<group>";
		};
/* End PBXFileSystemSynchronizedRootGroup section */

/* Begin PBXFrameworksBuildPhase section */
		9F5C35872CF01CFC007C2961 /* Frameworks */ = {
			isa = PBXFrameworksBuildPhase;
			buildActionMask = 2147483647;
			files = (
				3725619CA0D1350AABFC11FC /* Pods_EverlinkIntergrationTest.framework in Frameworks */,
			);
			runOnlyForDeploymentPostprocessing = 0;
		};
		9F5C35A02CF01CFD007C2961 /* Frameworks */ = {
			isa = PBXFrameworksBuildPhase;
			buildActionMask = 2147483647;
			files = (
				627E39FBF1815679C268DCFC /* Pods_EverlinkIntergrationTestTests.framework in Frameworks */,
			);
			runOnlyForDeploymentPostprocessing = 0;
		};
		9F5C35AA2CF01CFD007C2961 /* Frameworks */ = {
			isa = PBXFrameworksBuildPhase;
			buildActionMask = 2147483647;
			files = (
				65A5DE5AE1EF3AAE8BF04615 /* Pods_EverlinkIntergrationTest_EverlinkIntergrationTestUITests.framework in Frameworks */,
			);
			runOnlyForDeploymentPostprocessing = 0;
		};
/* End PBXFrameworksBuildPhase section */

/* Begin PBXGroup section */
		7EE8D96B33A4B0EF0C4952A6 /* Pods */ = {
			isa = PBXGroup;
			children = (
				49B67DBABB7CAC23A698DC64 /* Pods-EverlinkIntergrationTest.debug.xcconfig */,
				D399F6FA0F9DC90E7D1BF6F8 /* Pods-EverlinkIntergrationTest.release.xcconfig */,
				43677717BAC6A7F002186C19 /* Pods-EverlinkIntergrationTest-EverlinkIntergrationTestUITests.debug.xcconfig */,
				B410B042ABA60676A5E021F7 /* Pods-EverlinkIntergrationTest-EverlinkIntergrationTestUITests.release.xcconfig */,
				6053C7692D613135BABCFBC8 /* Pods-EverlinkIntergrationTestTests.debug.xcconfig */,
				AE41F8A25706FF5E229ADB6E /* Pods-EverlinkIntergrationTestTests.release.xcconfig */,
			);
			name = Pods;
			path = Pods;
			sourceTree = "<group>";
		};
		9F5C35812CF01CFC007C2961 = {
			isa = PBXGroup;
			children = (
				9F5C358C2CF01CFC007C2961 /* EverlinkIntergrationTest */,
				9F5C35A62CF01CFD007C2961 /* EverlinkIntergrationTestTests */,
				9F5C35B02CF01CFD007C2961 /* EverlinkIntergrationTestUITests */,
				9F5C358B2CF01CFC007C2961 /* Products */,
				7EE8D96B33A4B0EF0C4952A6 /* Pods */,
				A8CF550386AF55E4C4056EC0 /* Frameworks */,
			);
			sourceTree = "<group>";
		};
		9F5C358B2CF01CFC007C2961 /* Products */ = {
			isa = PBXGroup;
			children = (
				9F5C358A2CF01CFC007C2961 /* EverlinkIntergrationTest.app */,
				9F5C35A32CF01CFD007C2961 /* EverlinkIntergrationTestTests.xctest */,
				9F5C35AD2CF01CFD007C2961 /* EverlinkIntergrationTestUITests.xctest */,
			);
			name = Products;
			sourceTree = "<group>";
		};
		A8CF550386AF55E4C4056EC0 /* Frameworks */ = {
			isa = PBXGroup;
			children = (
				EF502AFE1246E64A1913D0D5 /* Pods_EverlinkIntergrationTest.framework */,
				DA87CFF6B3FF9270DA268191 /* Pods_EverlinkIntergrationTest_EverlinkIntergrationTestUITests.framework */,
				FDBE5BD942A942D947CFC2A7 /* Pods_EverlinkIntergrationTestTests.framework */,
			);
			name = Frameworks;
			sourceTree = "<group>";
		};
/* End PBXGroup section */

/* Begin PBXNativeTarget section */
		9F5C35892CF01CFC007C2961 /* EverlinkIntergrationTest */ = {
			isa = PBXNativeTarget;
			buildConfigurationList = 9F5C35B62CF01CFD007C2961 /* Build configuration list for PBXNativeTarget "EverlinkIntergrationTest" */;
			buildPhases = (
				FBA2DB052DBFFF904DF762F9 /* [CP] Check Pods Manifest.lock */,
				9F5C35862CF01CFC007C2961 /* Sources */,
				9F5C35872CF01CFC007C2961 /* Frameworks */,
				9F5C35882CF01CFC007C2961 /* Resources */,
				73529F049B5A71779CF4A4AA /* [CP] Embed Pods Frameworks */,
			);
			buildRules = (
			);
			dependencies = (
			);
			fileSystemSynchronizedGroups = (
				9F5C358C2CF01CFC007C2961 /* EverlinkIntergrationTest */,
			);
			name = EverlinkIntergrationTest;
			productName = EverlinkIntergrationTest;
			productReference = 9F5C358A2CF01CFC007C2961 /* EverlinkIntergrationTest.app */;
			productType = "com.apple.product-type.application";
		};
		9F5C35A22CF01CFD007C2961 /* EverlinkIntergrationTestTests */ = {
			isa = PBXNativeTarget;
			buildConfigurationList = 9F5C35BB2CF01CFD007C2961 /* Build configuration list for PBXNativeTarget "EverlinkIntergrationTestTests" */;
			buildPhases = (
				342436F28412C8ECC7E70AD6 /* [CP] Check Pods Manifest.lock */,
				9F5C359F2CF01CFD007C2961 /* Sources */,
				9F5C35A02CF01CFD007C2961 /* Frameworks */,
				9F5C35A12CF01CFD007C2961 /* Resources */,
			);
			buildRules = (
			);
			dependencies = (
				9F5C35A52CF01CFD007C2961 /* PBXTargetDependency */,
			);
			fileSystemSynchronizedGroups = (
				9F5C35A62CF01CFD007C2961 /* EverlinkIntergrationTestTests */,
			);
			name = EverlinkIntergrationTestTests;
			productName = EverlinkIntergrationTestTests;
			productReference = 9F5C35A32CF01CFD007C2961 /* EverlinkIntergrationTestTests.xctest */;
			productType = "com.apple.product-type.bundle.unit-test";
		};
		9F5C35AC2CF01CFD007C2961 /* EverlinkIntergrationTestUITests */ = {
			isa = PBXNativeTarget;
			buildConfigurationList = 9F5C35BE2CF01CFD007C2961 /* Build configuration list for PBXNativeTarget "EverlinkIntergrationTestUITests" */;
			buildPhases = (
				C2289858B338DED25D29F5A8 /* [CP] Check Pods Manifest.lock */,
				9F5C35A92CF01CFD007C2961 /* Sources */,
				9F5C35AA2CF01CFD007C2961 /* Frameworks */,
				9F5C35AB2CF01CFD007C2961 /* Resources */,
				BEC11EBB5D2D6952344FDA4D /* [CP] Embed Pods Frameworks */,
			);
			buildRules = (
			);
			dependencies = (
				9F5C35AF2CF01CFD007C2961 /* PBXTargetDependency */,
			);
			fileSystemSynchronizedGroups = (
				9F5C35B02CF01CFD007C2961 /* EverlinkIntergrationTestUITests */,
			);
			name = EverlinkIntergrationTestUITests;
			productName = EverlinkIntergrationTestUITests;
			productReference = 9F5C35AD2CF01CFD007C2961 /* EverlinkIntergrationTestUITests.xctest */;
			productType = "com.apple.product-type.bundle.ui-testing";
		};
/* End PBXNativeTarget section */

/* Begin PBXProject section */
		9F5C35822CF01CFC007C2961 /* Project object */ = {
			isa = PBXProject;
			attributes = {
				BuildIndependentTargetsInParallel = 1;
				LastSwiftUpdateCheck = 1610;
				LastUpgradeCheck = 1610;
				TargetAttributes = {
					9F5C35892CF01CFC007C2961 = {
						CreatedOnToolsVersion = 16.1;
					};
					9F5C35A22CF01CFD007C2961 = {
						CreatedOnToolsVersion = 16.1;
						TestTargetID = 9F5C35892CF01CFC007C2961;
					};
					9F5C35AC2CF01CFD007C2961 = {
						CreatedOnToolsVersion = 16.1;
						TestTargetID = 9F5C35892CF01CFC007C2961;
					};
				};
			};
			buildConfigurationList = 9F5C35852CF01CFC007C2961 /* Build configuration list for PBXProject "EverlinkIntergrationTest" */;
			developmentRegion = en;
			hasScannedForEncodings = 0;
			knownRegions = (
				en,
				Base,
			);
			mainGroup = 9F5C35812CF01CFC007C2961;
			minimizedProjectReferenceProxies = 1;
			preferredProjectObjectVersion = 77;
			productRefGroup = 9F5C358B2CF01CFC007C2961 /* Products */;
			projectDirPath = "";
			projectRoot = "";
			targets = (
				9F5C35892CF01CFC007C2961 /* EverlinkIntergrationTest */,
				9F5C35A22CF01CFD007C2961 /* EverlinkIntergrationTestTests */,
				9F5C35AC2CF01CFD007C2961 /* EverlinkIntergrationTestUITests */,
			);
		};
/* End PBXProject section */

/* Begin PBXResourcesBuildPhase section */
		9F5C35882CF01CFC007C2961 /* Resources */ = {
			isa = PBXResourcesBuildPhase;
			buildActionMask = 2147483647;
			files = (
			);
			runOnlyForDeploymentPostprocessing = 0;
		};
		9F5C35A12CF01CFD007C2961 /* Resources */ = {
			isa = PBXResourcesBuildPhase;
			buildActionMask = 2147483647;
			files = (
			);
			runOnlyForDeploymentPostprocessing = 0;
		};
		9F5C35AB2CF01CFD007C2961 /* Resources */ = {
			isa = PBXResourcesBuildPhase;
			buildActionMask = 2147483647;
			files = (
			);
			runOnlyForDeploymentPostprocessing = 0;
		};
/* End PBXResourcesBuildPhase section */

/* Begin PBXShellScriptBuildPhase section */
		342436F28412C8ECC7E70AD6 /* [CP] Check Pods Manifest.lock */ = {
			isa = PBXShellScriptBuildPhase;
			buildActionMask = 2147483647;
			files = (
			);
			inputFileListPaths = (
			);
			inputPaths = (
				"${PODS_PODFILE_DIR_PATH}/Podfile.lock",
				"${PODS_ROOT}/Manifest.lock",
			);
			name = "[CP] Check Pods Manifest.lock";
			outputFileListPaths = (
			);
			outputPaths = (
				"$(DERIVED_FILE_DIR)/Pods-EverlinkIntergrationTestTests-checkManifestLockResult.txt",
			);
			runOnlyForDeploymentPostprocessing = 0;
			shellPath = /bin/sh;
			shellScript = "diff \"${PODS_PODFILE_DIR_PATH}/Podfile.lock\" \"${PODS_ROOT}/Manifest.lock\" > /dev/null\nif [ $? != 0 ] ; then\n    # print error to STDERR\n    echo \"error: The sandbox is not in sync with the Podfile.lock. Run 'pod install' or update your CocoaPods installation.\" >&2\n    exit 1\nfi\n# This output is used by Xcode 'outputs' to avoid re-running this script phase.\necho \"SUCCESS\" > \"${SCRIPT_OUTPUT_FILE_0}\"\n";
			showEnvVarsInLog = 0;
		};
		73529F049B5A71779CF4A4AA /* [CP] Embed Pods Frameworks */ = {
			isa = PBXShellScriptBuildPhase;
			buildActionMask = 2147483647;
			files = (
			);
			inputFileListPaths = (
				"${PODS_ROOT}/Target Support Files/Pods-EverlinkIntergrationTest/Pods-EverlinkIntergrationTest-frameworks-${CONFIGURATION}-input-files.xcfilelist",
			);
			name = "[CP] Embed Pods Frameworks";
			outputFileListPaths = (
				"${PODS_ROOT}/Target Support Files/Pods-EverlinkIntergrationTest/Pods-EverlinkIntergrationTest-frameworks-${CONFIGURATION}-output-files.xcfilelist",
			);
			runOnlyForDeploymentPostprocessing = 0;
			shellPath = /bin/sh;
			shellScript = "\"${PODS_ROOT}/Target Support Files/Pods-EverlinkIntergrationTest/Pods-EverlinkIntergrationTest-frameworks.sh\"\n";
			showEnvVarsInLog = 0;
		};
		BEC11EBB5D2D6952344FDA4D /* [CP] Embed Pods Frameworks */ = {
			isa = PBXShellScriptBuildPhase;
			buildActionMask = 2147483647;
			files = (
			);
			inputFileListPaths = (
				"${PODS_ROOT}/Target Support Files/Pods-EverlinkIntergrationTest-EverlinkIntergrationTestUITests/Pods-EverlinkIntergrationTest-EverlinkIntergrationTestUITests-frameworks-${CONFIGURATION}-input-files.xcfilelist",
			);
			name = "[CP] Embed Pods Frameworks";
			outputFileListPaths = (
				"${PODS_ROOT}/Target Support Files/Pods-EverlinkIntergrationTest-EverlinkIntergrationTestUITests/Pods-EverlinkIntergrationTest-EverlinkIntergrationTestUITests-frameworks-${CONFIGURATION}-output-files.xcfilelist",
			);
			runOnlyForDeploymentPostprocessing = 0;
			shellPath = /bin/sh;
			shellScript = "\"${PODS_ROOT}/Target Support Files/Pods-EverlinkIntergrationTest-EverlinkIntergrationTestUITests/Pods-EverlinkIntergrationTest-EverlinkIntergrationTestUITests-frameworks.sh\"\n";
			showEnvVarsInLog = 0;
		};
		C2289858B338DED25D29F5A8 /* [CP] Check Pods Manifest.lock */ = {
			isa = PBXShellScriptBuildPhase;
			buildActionMask = 2147483647;
			files = (
			);
			inputFileListPaths = (
			);
			inputPaths = (
				"${PODS_PODFILE_DIR_PATH}/Podfile.lock",
				"${PODS_ROOT}/Manifest.lock",
			);
			name = "[CP] Check Pods Manifest.lock";
			outputFileListPaths = (
			);
			outputPaths = (
				"$(DERIVED_FILE_DIR)/Pods-EverlinkIntergrationTest-EverlinkIntergrationTestUITests-checkManifestLockResult.txt",
			);
			runOnlyForDeploymentPostprocessing = 0;
			shellPath = /bin/sh;
			shellScript = "diff \"${PODS_PODFILE_DIR_PATH}/Podfile.lock\" \"${PODS_ROOT}/Manifest.lock\" > /dev/null\nif [ $? != 0 ] ; then\n    # print error to STDERR\n    echo \"error: The sandbox is not in sync with the Podfile.lock. Run 'pod install' or update your CocoaPods installation.\" >&2\n    exit 1\nfi\n# This output is used by Xcode 'outputs' to avoid re-running this script phase.\necho \"SUCCESS\" > \"${SCRIPT_OUTPUT_FILE_0}\"\n";
			showEnvVarsInLog = 0;
		};
		FBA2DB052DBFFF904DF762F9 /* [CP] Check Pods Manifest.lock */ = {
			isa = PBXShellScriptBuildPhase;
			buildActionMask = 2147483647;
			files = (
			);
			inputFileListPaths = (
			);
			inputPaths = (
				"${PODS_PODFILE_DIR_PATH}/Podfile.lock",
				"${PODS_ROOT}/Manifest.lock",
			);
			name = "[CP] Check Pods Manifest.lock";
			outputFileListPaths = (
			);
			outputPaths = (
				"$(DERIVED_FILE_DIR)/Pods-EverlinkIntergrationTest-checkManifestLockResult.txt",
			);
			runOnlyForDeploymentPostprocessing = 0;
			shellPath = /bin/sh;
			shellScript = "diff \"${PODS_PODFILE_DIR_PATH}/Podfile.lock\" \"${PODS_ROOT}/Manifest.lock\" > /dev/null\nif [ $? != 0 ] ; then\n    # print error to STDERR\n    echo \"error: The sandbox is not in sync with the Podfile.lock. Run 'pod install' or update your CocoaPods installation.\" >&2\n    exit 1\nfi\n# This output is used by Xcode 'outputs' to avoid re-running this script phase.\necho \"SUCCESS\" > \"${SCRIPT_OUTPUT_FILE_0}\"\n";
			showEnvVarsInLog = 0;
		};
/* End PBXShellScriptBuildPhase section */

/* Begin PBXSourcesBuildPhase section */
		9F5C35862CF01CFC007C2961 /* Sources */ = {
			isa = PBXSourcesBuildPhase;
			buildActionMask = 2147483647;
			files = (
			);
			runOnlyForDeploymentPostprocessing = 0;
		};
		9F5C359F2CF01CFD007C2961 /* Sources */ = {
			isa = PBXSourcesBuildPhase;
			buildActionMask = 2147483647;
			files = (
			);
			runOnlyForDeploymentPostprocessing = 0;
		};
		9F5C35A92CF01CFD007C2961 /* Sources */ = {
			isa = PBXSourcesBuildPhase;
			buildActionMask = 2147483647;
			files = (
			);
			runOnlyForDeploymentPostprocessing = 0;
		};
/* End PBXSourcesBuildPhase section */

/* Begin PBXTargetDependency section */
		9F5C35A52CF01CFD007C2961 /* PBXTargetDependency */ = {
			isa = PBXTargetDependency;
			target = 9F5C35892CF01CFC007C2961 /* EverlinkIntergrationTest */;
			targetProxy = 9F5C35A42CF01CFD007C2961 /* PBXContainerItemProxy */;
		};
		9F5C35AF2CF01CFD007C2961 /* PBXTargetDependency */ = {
			isa = PBXTargetDependency;
			target = 9F5C35892CF01CFC007C2961 /* EverlinkIntergrationTest */;
			targetProxy = 9F5C35AE2CF01CFD007C2961 /* PBXContainerItemProxy */;
		};
/* End PBXTargetDependency section */

/* Begin XCBuildConfiguration section */
		9F5C35B72CF01CFD007C2961 /* Debug */ = {
			isa = XCBuildConfiguration;
			baseConfigurationReference = 49B67DBABB7CAC23A698DC64 /* Pods-EverlinkIntergrationTest.debug.xcconfig */;
			buildSettings = {
				ASSETCATALOG_COMPILER_APPICON_NAME = AppIcon;
				ASSETCATALOG_COMPILER_GLOBAL_ACCENT_COLOR_NAME = AccentColor;
				CODE_SIGN_STYLE = Automatic;
				CURRENT_PROJECT_VERSION = 1;
				DEVELOPMENT_TEAM = VHH8GSFQCS;
				GENERATE_INFOPLIST_FILE = YES;
				INFOPLIST_FILE = EverlinkIntergrationTest/Info.plist;
				INFOPLIST_KEY_UIApplicationSupportsIndirectInputEvents = YES;
				INFOPLIST_KEY_UILaunchStoryboardName = LaunchScreen;
				INFOPLIST_KEY_UIMainStoryboardFile = Main;
				INFOPLIST_KEY_UISupportedInterfaceOrientations_iPad = "UIInterfaceOrientationPortrait UIInterfaceOrientationPortraitUpsideDown UIInterfaceOrientationLandscapeLeft UIInterfaceOrientationLandscapeRight";
				INFOPLIST_KEY_UISupportedInterfaceOrientations_iPhone = "UIInterfaceOrientationPortrait UIInterfaceOrientationLandscapeLeft UIInterfaceOrientationLandscapeRight";
				LD_RUNPATH_SEARCH_PATHS = (
					"$(inherited)",
					"@executable_path/Frameworks",
				);
				MARKETING_VERSION = 1.0;
				PRODUCT_BUNDLE_IDENTIFIER = com.everlink.broadcast.EverlinkIntergrationTest;
				PRODUCT_NAME = "$(TARGET_NAME)";
				SWIFT_EMIT_LOC_STRINGS = YES;
				SWIFT_VERSION = 5.0;
				TARGETED_DEVICE_FAMILY = "1,2";
			};
			name = Debug;
		};
		9F5C35B82CF01CFD007C2961 /* Release */ = {
			isa = XCBuildConfiguration;
			baseConfigurationReference = D399F6FA0F9DC90E7D1BF6F8 /* Pods-EverlinkIntergrationTest.release.xcconfig */;
			buildSettings = {
				ASSETCATALOG_COMPILER_APPICON_NAME = AppIcon;
				ASSETCATALOG_COMPILER_GLOBAL_ACCENT_COLOR_NAME = AccentColor;
				CODE_SIGN_STYLE = Automatic;
				CURRENT_PROJECT_VERSION = 1;
				DEVELOPMENT_TEAM = VHH8GSFQCS;
				GENERATE_INFOPLIST_FILE = YES;
				INFOPLIST_FILE = EverlinkIntergrationTest/Info.plist;
				INFOPLIST_KEY_UIApplicationSupportsIndirectInputEvents = YES;
				INFOPLIST_KEY_UILaunchStoryboardName = LaunchScreen;
				INFOPLIST_KEY_UIMainStoryboardFile = Main;
				INFOPLIST_KEY_UISupportedInterfaceOrientations_iPad = "UIInterfaceOrientationPortrait UIInterfaceOrientationPortraitUpsideDown UIInterfaceOrientationLandscapeLeft UIInterfaceOrientationLandscapeRight";
				INFOPLIST_KEY_UISupportedInterfaceOrientations_iPhone = "UIInterfaceOrientationPortrait UIInterfaceOrientationLandscapeLeft UIInterfaceOrientationLandscapeRight";
				LD_RUNPATH_SEARCH_PATHS = (
					"$(inherited)",
					"@executable_path/Frameworks",
				);
				MARKETING_VERSION = 1.0;
				PRODUCT_BUNDLE_IDENTIFIER = com.everlink.broadcast.EverlinkIntergrationTest;
				PRODUCT_NAME = "$(TARGET_NAME)";
				SWIFT_EMIT_LOC_STRINGS = YES;
				SWIFT_VERSION = 5.0;
				TARGETED_DEVICE_FAMILY = "1,2";
			};
			name = Release;
		};
		9F5C35B92CF01CFD007C2961 /* Debug */ = {
			isa = XCBuildConfiguration;
			buildSettings = {
				ALWAYS_SEARCH_USER_PATHS = NO;
				ASSETCATALOG_COMPILER_GENERATE_SWIFT_ASSET_SYMBOL_EXTENSIONS = YES;
				CLANG_ANALYZER_NONNULL = YES;
				CLANG_ANALYZER_NUMBER_OBJECT_CONVERSION = YES_AGGRESSIVE;
				CLANG_CXX_LANGUAGE_STANDARD = "gnu++20";
				CLANG_ENABLE_MODULES = YES;
				CLANG_ENABLE_OBJC_ARC = YES;
				CLANG_ENABLE_OBJC_WEAK = YES;
				CLANG_WARN_BLOCK_CAPTURE_AUTORELEASING = YES;
				CLANG_WARN_BOOL_CONVERSION = YES;
				CLANG_WARN_COMMA = YES;
				CLANG_WARN_CONSTANT_CONVERSION = YES;
				CLANG_WARN_DEPRECATED_OBJC_IMPLEMENTATIONS = YES;
				CLANG_WARN_DIRECT_OBJC_ISA_USAGE = YES_ERROR;
				CLANG_WARN_DOCUMENTATION_COMMENTS = YES;
				CLANG_WARN_EMPTY_BODY = YES;
				CLANG_WARN_ENUM_CONVERSION = YES;
				CLANG_WARN_INFINITE_RECURSION = YES;
				CLANG_WARN_INT_CONVERSION = YES;
				CLANG_WARN_NON_LITERAL_NULL_CONVERSION = YES;
				CLANG_WARN_OBJC_IMPLICIT_RETAIN_SELF = YES;
				CLANG_WARN_OBJC_LITERAL_CONVERSION = YES;
				CLANG_WARN_OBJC_ROOT_CLASS = YES_ERROR;
				CLANG_WARN_QUOTED_INCLUDE_IN_FRAMEWORK_HEADER = YES;
				CLANG_WARN_RANGE_LOOP_ANALYSIS = YES;
				CLANG_WARN_STRICT_PROTOTYPES = YES;
				CLANG_WARN_SUSPICIOUS_MOVE = YES;
				CLANG_WARN_UNGUARDED_AVAILABILITY = YES_AGGRESSIVE;
				CLANG_WARN_UNREACHABLE_CODE = YES;
				CLANG_WARN__DUPLICATE_METHOD_MATCH = YES;
				COPY_PHASE_STRIP = NO;
				DEBUG_INFORMATION_FORMAT = dwarf;
				ENABLE_STRICT_OBJC_MSGSEND = YES;
				ENABLE_TESTABILITY = YES;
				ENABLE_USER_SCRIPT_SANDBOXING = YES;
				GCC_C_LANGUAGE_STANDARD = gnu17;
				GCC_DYNAMIC_NO_PIC = NO;
				GCC_NO_COMMON_BLOCKS = YES;
				GCC_OPTIMIZATION_LEVEL = 0;
				GCC_PREPROCESSOR_DEFINITIONS = (
					"DEBUG=1",
					"$(inherited)",
				);
				GCC_WARN_64_TO_32_BIT_CONVERSION = YES;
				GCC_WARN_ABOUT_RETURN_TYPE = YES_ERROR;
				GCC_WARN_UNDECLARED_SELECTOR = YES;
				GCC_WARN_UNINITIALIZED_AUTOS = YES_AGGRESSIVE;
				GCC_WARN_UNUSED_FUNCTION = YES;
				GCC_WARN_UNUSED_VARIABLE = YES;
				IPHONEOS_DEPLOYMENT_TARGET = 18.1;
				LOCALIZATION_PREFERS_STRING_CATALOGS = YES;
				MTL_ENABLE_DEBUG_INFO = INCLUDE_SOURCE;
				MTL_FAST_MATH = YES;
				ONLY_ACTIVE_ARCH = YES;
				SDKROOT = iphoneos;
				SWIFT_ACTIVE_COMPILATION_CONDITIONS = "DEBUG $(inherited)";
				SWIFT_OPTIMIZATION_LEVEL = "-Onone";
			};
			name = Debug;
		};
		9F5C35BA2CF01CFD007C2961 /* Release */ = {
			isa = XCBuildConfiguration;
			buildSettings = {
				ALWAYS_SEARCH_USER_PATHS = NO;
				ASSETCATALOG_COMPILER_GENERATE_SWIFT_ASSET_SYMBOL_EXTENSIONS = YES;
				CLANG_ANALYZER_NONNULL = YES;
				CLANG_ANALYZER_NUMBER_OBJECT_CONVERSION = YES_AGGRESSIVE;
				CLANG_CXX_LANGUAGE_STANDARD = "gnu++20";
				CLANG_ENABLE_MODULES = YES;
				CLANG_ENABLE_OBJC_ARC = YES;
				CLANG_ENABLE_OBJC_WEAK = YES;
				CLANG_WARN_BLOCK_CAPTURE_AUTORELEASING = YES;
				CLANG_WARN_BOOL_CONVERSION = YES;
				CLANG_WARN_COMMA = YES;
				CLANG_WARN_CONSTANT_CONVERSION = YES;
				CLANG_WARN_DEPRECATED_OBJC_IMPLEMENTATIONS = YES;
				CLANG_WARN_DIRECT_OBJC_ISA_USAGE = YES_ERROR;
				CLANG_WARN_DOCUMENTATION_COMMENTS = YES;
				CLANG_WARN_EMPTY_BODY = YES;
				CLANG_WARN_ENUM_CONVERSION = YES;
				CLANG_WARN_INFINITE_RECURSION = YES;
				CLANG_WARN_INT_CONVERSION = YES;
				CLANG_WARN_NON_LITERAL_NULL_CONVERSION = YES;
				CLANG_WARN_OBJC_IMPLICIT_RETAIN_SELF = YES;
				CLANG_WARN_OBJC_LITERAL_CONVERSION = YES;
				CLANG_WARN_OBJC_ROOT_CLASS = YES_ERROR;
				CLANG_WARN_QUOTED_INCLUDE_IN_FRAMEWORK_HEADER = YES;
				CLANG_WARN_RANGE_LOOP_ANALYSIS = YES;
				CLANG_WARN_STRICT_PROTOTYPES = YES;
				CLANG_WARN_SUSPICIOUS_MOVE = YES;
				CLANG_WARN_UNGUARDED_AVAILABILITY = YES_AGGRESSIVE;
				CLANG_WARN_UNREACHABLE_CODE = YES;
				CLANG_WARN__DUPLICATE_METHOD_MATCH = YES;
				COPY_PHASE_STRIP = NO;
				DEBUG_INFORMATION_FORMAT = "dwarf-with-dsym";
				ENABLE_NS_ASSERTIONS = NO;
				ENABLE_STRICT_OBJC_MSGSEND = YES;
				ENABLE_USER_SCRIPT_SANDBOXING = YES;
				GCC_C_LANGUAGE_STANDARD = gnu17;
				GCC_NO_COMMON_BLOCKS = YES;
				GCC_WARN_64_TO_32_BIT_CONVERSION = YES;
				GCC_WARN_ABOUT_RETURN_TYPE = YES_ERROR;
				GCC_WARN_UNDECLARED_SELECTOR = YES;
				GCC_WARN_UNINITIALIZED_AUTOS = YES_AGGRESSIVE;
				GCC_WARN_UNUSED_FUNCTION = YES;
				GCC_WARN_UNUSED_VARIABLE = YES;
				IPHONEOS_DEPLOYMENT_TARGET = 18.1;
				LOCALIZATION_PREFERS_STRING_CATALOGS = YES;
				MTL_ENABLE_DEBUG_INFO = NO;
				MTL_FAST_MATH = YES;
				SDKROOT = iphoneos;
				SWIFT_COMPILATION_MODE = wholemodule;
				VALIDATE_PRODUCT = YES;
			};
			name = Release;
		};
		9F5C35BC2CF01CFD007C2961 /* Debug */ = {
			isa = XCBuildConfiguration;
			baseConfigurationReference = 6053C7692D613135BABCFBC8 /* Pods-EverlinkIntergrationTestTests.debug.xcconfig */;
			buildSettings = {
				BUNDLE_LOADER = "$(TEST_HOST)";
				CODE_SIGN_STYLE = Automatic;
				CURRENT_PROJECT_VERSION = 1;
				DEVELOPMENT_TEAM = VHH8GSFQCS;
				GENERATE_INFOPLIST_FILE = YES;
				IPHONEOS_DEPLOYMENT_TARGET = 18.1;
				MARKETING_VERSION = 1.0;
				PRODUCT_BUNDLE_IDENTIFIER = com.everlink.broadcast.EverlinkIntergrationTestTests;
				PRODUCT_NAME = "$(TARGET_NAME)";
				SWIFT_EMIT_LOC_STRINGS = NO;
				SWIFT_VERSION = 5.0;
				TARGETED_DEVICE_FAMILY = "1,2";
				TEST_HOST = "$(BUILT_PRODUCTS_DIR)/EverlinkIntergrationTest.app/$(BUNDLE_EXECUTABLE_FOLDER_PATH)/EverlinkIntergrationTest";
			};
			name = Debug;
		};
		9F5C35BD2CF01CFD007C2961 /* Release */ = {
			isa = XCBuildConfiguration;
			baseConfigurationReference = AE41F8A25706FF5E229ADB6E /* Pods-EverlinkIntergrationTestTests.release.xcconfig */;
			buildSettings = {
				BUNDLE_LOADER = "$(TEST_HOST)";
				CODE_SIGN_STYLE = Automatic;
				CURRENT_PROJECT_VERSION = 1;
				DEVELOPMENT_TEAM = VHH8GSFQCS;
				GENERATE_INFOPLIST_FILE = YES;
				IPHONEOS_DEPLOYMENT_TARGET = 18.1;
				MARKETING_VERSION = 1.0;
				PRODUCT_BUNDLE_IDENTIFIER = com.everlink.broadcast.EverlinkIntergrationTestTests;
				PRODUCT_NAME = "$(TARGET_NAME)";
				SWIFT_EMIT_LOC_STRINGS = NO;
				SWIFT_VERSION = 5.0;
				TARGETED_DEVICE_FAMILY = "1,2";
				TEST_HOST = "$(BUILT_PRODUCTS_DIR)/EverlinkIntergrationTest.app/$(BUNDLE_EXECUTABLE_FOLDER_PATH)/EverlinkIntergrationTest";
			};
			name = Release;
		};
		9F5C35BF2CF01CFD007C2961 /* Debug */ = {
			isa = XCBuildConfiguration;
			baseConfigurationReference = 43677717BAC6A7F002186C19 /* Pods-EverlinkIntergrationTest-EverlinkIntergrationTestUITests.debug.xcconfig */;
			buildSettings = {
				CODE_SIGN_STYLE = Automatic;
				CURRENT_PROJECT_VERSION = 1;
				DEVELOPMENT_TEAM = VHH8GSFQCS;
				GENERATE_INFOPLIST_FILE = YES;
				MARKETING_VERSION = 1.0;
				PRODUCT_BUNDLE_IDENTIFIER = com.everlink.broadcast.EverlinkIntergrationTestUITests;
				PRODUCT_NAME = "$(TARGET_NAME)";
				SWIFT_EMIT_LOC_STRINGS = NO;
				SWIFT_VERSION = 5.0;
				TARGETED_DEVICE_FAMILY = "1,2";
				TEST_TARGET_NAME = EverlinkIntergrationTest;
			};
			name = Debug;
		};
		9F5C35C02CF01CFD007C2961 /* Release */ = {
			isa = XCBuildConfiguration;
			baseConfigurationReference = B410B042ABA60676A5E021F7 /* Pods-EverlinkIntergrationTest-EverlinkIntergrationTestUITests.release.xcconfig */;
			buildSettings = {
				CODE_SIGN_STYLE = Automatic;
				CURRENT_PROJECT_VERSION = 1;
				DEVELOPMENT_TEAM = VHH8GSFQCS;
				GENERATE_INFOPLIST_FILE = YES;
				MARKETING_VERSION = 1.0;
				PRODUCT_BUNDLE_IDENTIFIER = com.everlink.broadcast.EverlinkIntergrationTestUITests;
				PRODUCT_NAME = "$(TARGET_NAME)";
				SWIFT_EMIT_LOC_STRINGS = NO;
				SWIFT_VERSION = 5.0;
				TARGETED_DEVICE_FAMILY = "1,2";
				TEST_TARGET_NAME = EverlinkIntergrationTest;
			};
			name = Release;
		};
/* End XCBuildConfiguration section */

/* Begin XCConfigurationList section */
		9F5C35852CF01CFC007C2961 /* Build configuration list for PBXProject "EverlinkIntergrationTest" */ = {
			isa = XCConfigurationList;
			buildConfigurations = (
				9F5C35B92CF01CFD007C2961 /* Debug */,
				9F5C35BA2CF01CFD007C2961 /* Release */,
			);
			defaultConfigurationIsVisible = 0;
			defaultConfigurationName = Release;
		};
		9F5C35B62CF01CFD007C2961 /* Build configuration list for PBXNativeTarget "EverlinkIntergrationTest" */ = {
			isa = XCConfigurationList;
			buildConfigurations = (
				9F5C35B72CF01CFD007C2961 /* Debug */,
				9F5C35B82CF01CFD007C2961 /* Release */,
			);
			defaultConfigurationIsVisible = 0;
			defaultConfigurationName = Release;
		};
		9F5C35BB2CF01CFD007C2961 /* Build configuration list for PBXNativeTarget "EverlinkIntergrationTestTests" */ = {
			isa = XCConfigurationList;
			buildConfigurations = (
				9F5C35BC2CF01CFD007C2961 /* Debug */,
				9F5C35BD2CF01CFD007C2961 /* Release */,
			);
			defaultConfigurationIsVisible = 0;
			defaultConfigurationName = Release;
		};
		9F5C35BE2CF01CFD007C2961 /* Build configuration list for PBXNativeTarget "EverlinkIntergrationTestUITests" */ = {
			isa = XCConfigurationList;
			buildConfigurations = (
				9F5C35BF2CF01CFD007C2961 /* Debug */,
				9F5C35C02CF01CFD007C2961 /* Release */,
			);
			defaultConfigurationIsVisible = 0;
			defaultConfigurationName = Release;
		};
/* End XCConfigurationList section */
	};
	rootObject = 9F5C35822CF01CFC007C2961 /* Project object */;
}
